
Microsoft Visual Studio Solution File, Format Version 12.00
# Visual Studio Version 17
VisualStudioVersion = 17.4.33122.133
MinimumVisualStudioVersion = 10.0.40219.1
Project("{FAE04EC0-301F-11D3-BF4B-00C04F79EFBC}") = "Hay", "Hay\Hay.csproj", "{635008CD-80DC-4656-BDE5-2D8E104D2546}"
EndProject
Global
	GlobalSection(SolutionConfigurationPlatforms) = preSolution
		Debug|Any CPU = Debug|Any CPU
		Release|Any CPU = Release|Any CPU
	EndGlobalSection
	GlobalSection(ProjectConfigurationPlatforms) = postSolution
		{635008CD-80DC-4656-BDE5-2D8E104D2546}.Debug|Any CPU.ActiveCfg = Debug|Any CPU
		{635008CD-80DC-4656-BDE5-2D8E104D2546}.Debug|Any CPU.Build.0 = Debug|Any CPU
		{635008CD-80DC-4656-BDE5-2D8E104D2546}.Release|Any CPU.ActiveCfg = Release|Any CPU
		{635008CD-80DC-4656-BDE5-2D8E104D2546}.Release|Any CPU.Build.0 = Release|Any CPU
	EndGlobalSection
	GlobalSection(SolutionProperties) = preSolution
		HideSolutionNode = FALSE
	EndGlobalSection
	GlobalSection(ExtensibilityGlobals) = postSolution
		SolutionGuid = {4C3C3542-42F9-4137-B982-C2F11427CA87}
	EndGlobalSection
EndGlobal
